
Microsoft Visual Studio Solution File, Format Version 12.00
# Visual Studio 15
VisualStudioVersion = 15.0.28307.1082
MinimumVisualStudioVersion = 10.0.40219.1
Project("{FAE04EC0-301F-11D3-BF4B-00C04F79EFBC}") = "ClinicProject", "Clinic\ClinicProject.csproj", "{5E25B7A3-6D61-4CC6-8F66-4E2106DCF42D}"
EndProject
Global
	GlobalSection(SolutionConfigurationPlatforms) = preSolution
		Debug|Any CPU = Debug|Any CPU
		Release|Any CPU = Release|Any CPU
	EndGlobalSection
	GlobalSection(ProjectConfigurationPlatforms) = postSolution
		{5E25B7A3-6D61-4CC6-8F66-4E2106DCF42D}.Debug|Any CPU.ActiveCfg = Debug|Any CPU
		{5E25B7A3-6D61-4CC6-8F66-4E2106DCF42D}.Debug|Any CPU.Build.0 = Debug|Any CPU
		{5E25B7A3-6D61-4CC6-8F66-4E2106DCF42D}.Release|Any CPU.ActiveCfg = Release|Any CPU
		{5E25B7A3-6D61-4CC6-8F66-4E2106DCF42D}.Release|Any CPU.Build.0 = Release|Any CPU
	EndGlobalSection
	GlobalSection(SolutionProperties) = preSolution
		HideSolutionNode = FALSE
	EndGlobalSection
	GlobalSection(ExtensibilityGlobals) = postSolution
		SolutionGuid = {6DDFA20A-B3F1-4553-8377-A704A730670C}
	EndGlobalSection
EndGlobal
